// !$*UTF8*$!
{
	archiveVersion = 1;
	classes = {
	};
	objectVersion = 70;
	objects = {

/* Begin PBXBuildFile section */
		44275316F121033B65345D97 /* Foundation.framework in Frameworks */ = {isa = PBXBuildFile; fileRef = 60E35DF450A83DEA5F566362 /* Foundation.framework */; };
		5E312E562F8BDC5D00C90FED /* SwiftSubtitles in Frameworks */ = {isa = PBXBuildFile; productRef = 5E312E552F8BDC5D00C90FED /* SwiftSubtitles */; };
		5EB4882F2F8A8A88007251E8 /* Flow in Frameworks */ = {isa = PBXBuildFile; productRef = 5EB4882E2F8A8A88007251E8 /* Flow */; };
		5EF698AC2F8BB0B4003CDE04 /* Launch Screen.storyboard in Resources */ = {isa = PBXBuildFile; fileRef = 5EF698AB2F8BB0B4003CDE04 /* Launch Screen.storyboard */; };
		68A94BEF2F889C5600C59159 /* SwiftyBeaver in Frameworks */ = {isa = PBXBuildFile; productRef = 68A94BEE2F889C5600C59159 /* SwiftyBeaver */; };
		6AC200000000000000000020 /* Assets.xcassets in Resources */ = {isa = PBXBuildFile; fileRef = 6AC200000000000000000021 /* Assets.xcassets */; };
		A0A0A0A0A0A0A0A0A0A0A0A0 /* Alamofire in Frameworks */ = {isa = PBXBuildFile; productRef = C0C0C0C0C0C0C0C0C0C0C0C0 /* Alamofire */; };
		BD7123923FB4CC70C416690A /* Kingfisher in Frameworks */ = {isa = PBXBuildFile; productRef = 33C6D38FEB06E2F321451C7A /* Kingfisher */; };
/* End PBXBuildFile section */

/* Begin PBXContainerItemProxy section */
		68E634272F8CCB2D00865FCA /* PBXContainerItemProxy */ = {
			isa = PBXContainerItemProxy;
			containerPortal = 883813612B25D2DFEC509CD1 /* Project object */;
			proxyType = 1;
			remoteGlobalIDString = 247E6CFFBAD8B13964BD807E;
			remoteInfo = PhucTvSwiftUI;
		};
/* End PBXContainerItemProxy section */

/* Begin PBXFileReference section */
		5EF698AB2F8BB0B4003CDE04 /* Launch Screen.storyboard */ = {isa = PBXFileReference; lastKnownFileType = file.storyboard; path = "Launch Screen.storyboard"; sourceTree = "<group>"; };
		5EF698AD2F8BB1BC003CDE04 /* PhucTvSwiftUI-Info.plist */ = {isa = PBXFileReference; lastKnownFileType = text.plist; path = "PhucTvSwiftUI-Info.plist"; sourceTree = "<group>"; };
		60E35DF450A83DEA5F566362 /* Foundation.framework */ = {isa = PBXFileReference; lastKnownFileType = wrapper.framework; name = Foundation.framework; path = Platforms/iPhoneOS.platform/Developer/SDKs/iPhoneOS18.0.sdk/System/Library/Frameworks/Foundation.framework; sourceTree = DEVELOPER_DIR; };
		68E634232F8CCB2D00865FCA /* PhucTVTests.xctest */ = {isa = PBXFileReference; explicitFileType = wrapper.cfbundle; includeInIndex = 0; path = PhucTVTests.xctest; sourceTree = BUILT_PRODUCTS_DIR; };
		6AC200000000000000000021 /* Assets.xcassets */ = {isa = PBXFileReference; lastKnownFileType = folder.assetcatalog; path = Assets.xcassets; sourceTree = "<group>"; };
		C6D71A602C00353F1003A1BD /* PhucTV.app */ = {isa = PBXFileReference; explicitFileType = wrapper.application; includeInIndex = 0; path = PhucTV.app; sourceTree = BUILT_PRODUCTS_DIR; };
/* End PBXFileReference section */

/* Begin PBXFileSystemSynchronizedRootGroup section */
		413A8F81BD9B7F93E38FA080 /* Features */ = {isa = PBXFileSystemSynchronizedRootGroup; explicitFileTypes = {}; explicitFolders = (); path = Features; sourceTree = "<group>"; };
		68A94BB72F88906100C59159 /* Core */ = {isa = PBXFileSystemSynchronizedRootGroup; explicitFileTypes = {}; explicitFolders = (); path = Core; sourceTree = "<group>"; };
		68A94BBD2F88906100C59159 /* Data */ = {isa = PBXFileSystemSynchronizedRootGroup; explicitFileTypes = {}; explicitFolders = (); path = Data; sourceTree = "<group>"; };
		68A94BC02F88906100C59159 /* Domain */ = {isa = PBXFileSystemSynchronizedRootGroup; explicitFileTypes = {}; explicitFolders = (); path = Domain; sourceTree = "<group>"; };
		68E634242F8CCB2D00865FCA /* PhucTVTests */ = {isa = PBXFileSystemSynchronizedRootGroup; explicitFileTypes = {}; explicitFolders = (); path = PhucTVTests; sourceTree = "<group>"; };
		ACEFC3480ADB54016DB46690 /* App */ = {isa = PBXFileSystemSynchronizedRootGroup; explicitFileTypes = {}; explicitFolders = (); path = App; sourceTree = "<group>"; };
/* End PBXFileSystemSynchronizedRootGroup section */

/* Begin PBXFrameworksBuildPhase section */
		68E634202F8CCB2D00865FCA /* Frameworks */ = {
			isa = PBXFrameworksBuildPhase;
			buildActionMask = 2147483647;
			files = (
			);
			runOnlyForDeploymentPostprocessing = 0;
		};
		F7DD6F729295516DDF98ED83 /* Frameworks */ = {
			isa = PBXFrameworksBuildPhase;
			buildActionMask = 2147483647;
			files = (
				44275316F121033B65345D97 /* Foundation.framework in Frameworks */,
				A0A0A0A0A0A0A0A0A0A0A0A0 /* Alamofire in Frameworks */,
				5EB4882F2F8A8A88007251E8 /* Flow in Frameworks */,
				BD7123923FB4CC70C416690A /* Kingfisher in Frameworks */,
				68A94BEF2F889C5600C59159 /* SwiftyBeaver in Frameworks */,
				5E312E562F8BDC5D00C90FED /* SwiftSubtitles in Frameworks */,
			);
			runOnlyForDeploymentPostprocessing = 0;
		};
/* End PBXFrameworksBuildPhase section */

/* Begin PBXGroup section */
		24B62C632F1E5C474C2029A7 /* Products */ = {
			isa = PBXGroup;
			children = (
				C6D71A602C00353F1003A1BD /* PhucTV.app */,
				68E634232F8CCB2D00865FCA /* PhucTVTests.xctest */,
			);
			name = Products;
			sourceTree = "<group>";
		};
		2C522A0C5EE97845CE37C5A9 /* Frameworks */ = {
			isa = PBXGroup;
			children = (
				CF6002ED3B7B5D77B40C466E /* iOS */,
			);
			name = Frameworks;
			sourceTree = "<group>";
		};
		CF6002ED3B7B5D77B40C466E /* iOS */ = {
			isa = PBXGroup;
			children = (
				60E35DF450A83DEA5F566362 /* Foundation.framework */,
			);
			name = iOS;
			sourceTree = "<group>";
		};
		DDB99B17EB9E16F530163415 = {
			isa = PBXGroup;
			children = (
				5EF698AD2F8BB1BC003CDE04 /* PhucTvSwiftUI-Info.plist */,
				5EF698AB2F8BB0B4003CDE04 /* Launch Screen.storyboard */,
				6AC200000000000000000021 /* Assets.xcassets */,
				ACEFC3480ADB54016DB46690 /* App */,
				68A94BB72F88906100C59159 /* Core */,
				68A94BBD2F88906100C59159 /* Data */,
				68A94BC02F88906100C59159 /* Domain */,
				413A8F81BD9B7F93E38FA080 /* Features */,
				68E634242F8CCB2D00865FCA /* PhucTVTests */,
				2C522A0C5EE97845CE37C5A9 /* Frameworks */,
				24B62C632F1E5C474C2029A7 /* Products */,
			);
			sourceTree = "<group>";
		};
/* End PBXGroup section */

/* Begin PBXNativeTarget section */
		247E6CFFBAD8B13964BD807E /* PhucTvSwiftUI */ = {
			isa = PBXNativeTarget;
			buildConfigurationList = 82058A4788BFB9209A81D54E /* Build configuration list for PBXNativeTarget "PhucTvSwiftUI" */;
			buildPhases = (
				EDAFC60C3F96E0E15A26058C /* Sources */,
				F7DD6F729295516DDF98ED83 /* Frameworks */,
				351386100A7DA4059601651E /* Resources */,
			);
			buildRules = (
			);
			dependencies = (
			);
			fileSystemSynchronizedGroups = (
				413A8F81BD9B7F93E38FA080 /* Features */,
				68A94BB72F88906100C59159 /* Core */,
				68A94BBD2F88906100C59159 /* Data */,
				68A94BC02F88906100C59159 /* Domain */,
				ACEFC3480ADB54016DB46690 /* App */,
			);
			name = PhucTvSwiftUI;
			packageProductDependencies = (
				C0C0C0C0C0C0C0C0C0C0C0C0 /* Alamofire */,
				33C6D38FEB06E2F321451C7A /* Kingfisher */,
				68A94BEE2F889C5600C59159 /* SwiftyBeaver */,
				5EB4882E2F8A8A88007251E8 /* Flow */,
				5E312E552F8BDC5D00C90FED /* SwiftSubtitles */,
			);
			productName = PhucTvSwiftUI;
			productReference = C6D71A602C00353F1003A1BD /* PhucTV.app */;
			productType = "com.apple.product-type.application";
		};
		68E634222F8CCB2D00865FCA /* PhucTVTests */ = {
			isa = PBXNativeTarget;
			buildConfigurationList = 68E634292F8CCB2D00865FCA /* Build configuration list for PBXNativeTarget "PhucTVTests" */;
			buildPhases = (
				68E6341F2F8CCB2D00865FCA /* Sources */,
				68E634202F8CCB2D00865FCA /* Frameworks */,
				68E634212F8CCB2D00865FCA /* Resources */,
			);
			buildRules = (
			);
			dependencies = (
				68E634282F8CCB2D00865FCA /* PBXTargetDependency */,
			);
			fileSystemSynchronizedGroups = (
				68E634242F8CCB2D00865FCA /* PhucTVTests */,
			);
			name = PhucTVTests;
			packageProductDependencies = (
			);
			productName = PhucTVTests;
			productReference = 68E634232F8CCB2D00865FCA /* PhucTVTests.xctest */;
			productType = "com.apple.product-type.bundle.unit-test";
		};
/* End PBXNativeTarget section */

/* Begin PBXProject section */
		883813612B25D2DFEC509CD1 /* Project object */ = {
			isa = PBXProject;
			attributes = {
				BuildIndependentTargetsInParallel = YES;
				LastSwiftUpdateCheck = 2630;
				LastUpgradeCheck = 2640;
				ORGANIZATIONNAME = PhucTv;
				TargetAttributes = {
					68E634222F8CCB2D00865FCA = {
						CreatedOnToolsVersion = 26.3;
						TestTargetID = 247E6CFFBAD8B13964BD807E;
					};
				};
			};
			buildConfigurationList = 44F7F536D47355043967A49E /* Build configuration list for PBXProject "PhucTvSwiftUI" */;
			compatibilityVersion = "Xcode 3.2";
			developmentRegion = en;
			hasScannedForEncodings = 0;
			knownRegions = (
				en,
				Base,
			);
			mainGroup = DDB99B17EB9E16F530163415;
			packageReferences = (
				B0B0B0B0B0B0B0B0B0B0B0B0 /* XCRemoteSwiftPackageReference "Alamofire" */,
				398B5E19506E6BD979D22D5C /* XCRemoteSwiftPackageReference "Kingfisher" */,
				68A94BED2F889C5600C59159 /* XCRemoteSwiftPackageReference "SwiftyBeaver" */,
				5EB4882D2F8A8A88007251E8 /* XCRemoteSwiftPackageReference "SwiftUI-Flow" */,
				5E312E542F8BDC5D00C90FED /* XCRemoteSwiftPackageReference "SwiftSubtitles" */,
			);
			productRefGroup = 24B62C632F1E5C474C2029A7 /* Products */;
			projectDirPath = "";
			projectRoot = "";
			targets = (
				247E6CFFBAD8B13964BD807E /* PhucTvSwiftUI */,
				68E634222F8CCB2D00865FCA /* PhucTVTests */,
			);
		};
/* End PBXProject section */

/* Begin PBXResourcesBuildPhase section */
		351386100A7DA4059601651E /* Resources */ = {
			isa = PBXResourcesBuildPhase;
			buildActionMask = 2147483647;
			files = (
				5EF698AC2F8BB0B4003CDE04 /* Launch Screen.storyboard in Resources */,
				6AC200000000000000000020 /* Assets.xcassets in Resources */,
			);
			runOnlyForDeploymentPostprocessing = 0;
		};
		68E634212F8CCB2D00865FCA /* Resources */ = {
			isa = PBXResourcesBuildPhase;
			buildActionMask = 2147483647;
			files = (
			);
			runOnlyForDeploymentPostprocessing = 0;
		};
/* End PBXResourcesBuildPhase section */

/* Begin PBXSourcesBuildPhase section */
		68E6341F2F8CCB2D00865FCA /* Sources */ = {
			isa = PBXSourcesBuildPhase;
			buildActionMask = 2147483647;
			files = (
			);
			runOnlyForDeploymentPostprocessing = 0;
		};
		EDAFC60C3F96E0E15A26058C /* Sources */ = {
			isa = PBXSourcesBuildPhase;
			buildActionMask = 2147483647;
			files = (
			);
			runOnlyForDeploymentPostprocessing = 0;
		};
/* End PBXSourcesBuildPhase section */

/* Begin PBXTargetDependency section */
		68E634282F8CCB2D00865FCA /* PBXTargetDependency */ = {
			isa = PBXTargetDependency;
			target = 247E6CFFBAD8B13964BD807E /* PhucTvSwiftUI */;
			targetProxy = 68E634272F8CCB2D00865FCA /* PBXContainerItemProxy */;
		};
/* End PBXTargetDependency section */

/* Begin XCBuildConfiguration section */
		674562539F00E1C28A462E63 /* Debug */ = {
			isa = XCBuildConfiguration;
			buildSettings = {
				ASSETCATALOG_COMPILER_APPICON_NAME = AppIcon;
				ASSETCATALOG_COMPILER_GLOBAL_ACCENT_COLOR_NAME = AccentColor;
				CLANG_ENABLE_OBJC_WEAK = NO;
				CODE_SIGNING_ALLOWED = YES;
				CODE_SIGNING_REQUIRED = NO;
				CODE_SIGN_IDENTITY = "Apple Development: phucci nguyen (VZPB3RQXJ2)";
				CODE_SIGN_STYLE = Manual;
				CURRENT_PROJECT_VERSION = 1;
				DEVELOPMENT_TEAM = "";
				"DEVELOPMENT_TEAM[sdk=iphoneos*]" = XPTMS23CYM;
				ENABLE_PREVIEWS = YES;
				GENERATE_INFOPLIST_FILE = YES;
				INFOPLIST_FILE = "PhucTvSwiftUI-Info.plist";
				INFOPLIST_KEY_UILaunchStoryboardName = "Launch Screen";
				IPHONEOS_DEPLOYMENT_TARGET = 18.0;
				LD_RUNPATH_SEARCH_PATHS = (
					"$(inherited)",
					"@executable_path/Frameworks",
				);
				MARKETING_VERSION = 0.1;
				PRODUCT_BUNDLE_IDENTIFIER = com.finblue.iosbase;
				PRODUCT_NAME = PhucTV;
				PROVISIONING_PROFILE_SPECIFIER = "";
				"PROVISIONING_PROFILE_SPECIFIER[sdk=iphoneos*]" = "finblue-dev";
				SDKROOT = iphoneos;
				SWIFT_VERSION = 6.0;
				TARGETED_DEVICE_FAMILY = "1,2";
			};
			name = Debug;
		};
		68E6342A2F8CCB2D00865FCA /* Debug */ = {
			isa = XCBuildConfiguration;
			buildSettings = {
				ASSETCATALOG_COMPILER_GENERATE_SWIFT_ASSET_SYMBOL_EXTENSIONS = YES;
				BUNDLE_LOADER = "$(TEST_HOST)";
				CLANG_CXX_LANGUAGE_STANDARD = "gnu++20";
				CODE_SIGN_STYLE = Automatic;
				CURRENT_PROJECT_VERSION = 1;
				ENABLE_USER_SCRIPT_SANDBOXING = YES;
				GCC_C_LANGUAGE_STANDARD = gnu17;
				GENERATE_INFOPLIST_FILE = YES;
				IPHONEOS_DEPLOYMENT_TARGET = 26.2;
				LOCALIZATION_PREFERS_STRING_CATALOGS = YES;
				MARKETING_VERSION = 1.0;
				PRODUCT_BUNDLE_IDENTIFIER = pnd.neos.PhucTVTests;
				PRODUCT_NAME = "$(TARGET_NAME)";
				SDKROOT = iphoneos;
				STRING_CATALOG_GENERATE_SYMBOLS = NO;
				SWIFT_ACTIVE_COMPILATION_CONDITIONS = "DEBUG $(inherited)";
				SWIFT_APPROACHABLE_CONCURRENCY = YES;
				SWIFT_EMIT_LOC_STRINGS = NO;
				SWIFT_UPCOMING_FEATURE_MEMBER_IMPORT_VISIBILITY = YES;
				SWIFT_VERSION = 5.0;
				TARGETED_DEVICE_FAMILY = "1,2";
				TEST_HOST = "$(BUILT_PRODUCTS_DIR)/PhucTV.app/$(BUNDLE_EXECUTABLE_FOLDER_PATH)/PhucTV";
			};
			name = Debug;
		};
		68E6342B2F8CCB2D00865FCA /* Release */ = {
			isa = XCBuildConfiguration;
			buildSettings = {
				ASSETCATALOG_COMPILER_GENERATE_SWIFT_ASSET_SYMBOL_EXTENSIONS = YES;
				BUNDLE_LOADER = "$(TEST_HOST)";
				CLANG_CXX_LANGUAGE_STANDARD = "gnu++20";
				CODE_SIGN_STYLE = Automatic;
				CURRENT_PROJECT_VERSION = 1;
				ENABLE_USER_SCRIPT_SANDBOXING = YES;
				GCC_C_LANGUAGE_STANDARD = gnu17;
				GENERATE_INFOPLIST_FILE = YES;
				IPHONEOS_DEPLOYMENT_TARGET = 26.2;
				LOCALIZATION_PREFERS_STRING_CATALOGS = YES;
				MARKETING_VERSION = 1.0;
				PRODUCT_BUNDLE_IDENTIFIER = pnd.neos.PhucTVTests;
				PRODUCT_NAME = "$(TARGET_NAME)";
				SDKROOT = iphoneos;
				STRING_CATALOG_GENERATE_SYMBOLS = NO;
				SWIFT_APPROACHABLE_CONCURRENCY = YES;
				SWIFT_EMIT_LOC_STRINGS = NO;
				SWIFT_UPCOMING_FEATURE_MEMBER_IMPORT_VISIBILITY = YES;
				SWIFT_VERSION = 5.0;
				TARGETED_DEVICE_FAMILY = "1,2";
				TEST_HOST = "$(BUILT_PRODUCTS_DIR)/PhucTV.app/$(BUNDLE_EXECUTABLE_FOLDER_PATH)/PhucTV";
				VALIDATE_PRODUCT = YES;
			};
			name = Release;
		};
		92376A5835949A4A0733CA31 /* Release */ = {
			isa = XCBuildConfiguration;
			buildSettings = {
				ASSETCATALOG_COMPILER_APPICON_NAME = AppIcon;
				ASSETCATALOG_COMPILER_GLOBAL_ACCENT_COLOR_NAME = AccentColor;
				CLANG_ENABLE_OBJC_WEAK = NO;
				CODE_SIGNING_ALLOWED = YES;
				CODE_SIGNING_REQUIRED = NO;
				CODE_SIGN_IDENTITY = "Apple Development: phucci nguyen (VZPB3RQXJ2)";
				CODE_SIGN_STYLE = Manual;
				CURRENT_PROJECT_VERSION = 1;
				DEVELOPMENT_TEAM = "";
				ENABLE_PREVIEWS = YES;
				GENERATE_INFOPLIST_FILE = YES;
				INFOPLIST_FILE = "PhucTvSwiftUI-Info.plist";
				INFOPLIST_KEY_UILaunchStoryboardName = "Launch Screen";
				IPHONEOS_DEPLOYMENT_TARGET = 18.0;
				LD_RUNPATH_SEARCH_PATHS = (
					"$(inherited)",
					"@executable_path/Frameworks",
				);
				MARKETING_VERSION = 0.1;
				PRODUCT_BUNDLE_IDENTIFIER = com.finblue.iosbase;
				PRODUCT_NAME = PhucTV;
				PROVISIONING_PROFILE_SPECIFIER = "";
				SDKROOT = iphoneos;
				SWIFT_VERSION = 6.0;
				TARGETED_DEVICE_FAMILY = "1,2";
				VALIDATE_PRODUCT = YES;
			};
			name = Release;
		};
		94A28647B6B3F64AA1F72C6F /* Debug */ = {
			isa = XCBuildConfiguration;
			buildSettings = {
				ALWAYS_SEARCH_USER_PATHS = NO;
				CLANG_ANALYZER_NONNULL = YES;
				CLANG_ANALYZER_NUMBER_OBJECT_CONVERSION = YES_AGGRESSIVE;
				CLANG_CXX_LANGUAGE_STANDARD = "gnu++14";
				CLANG_CXX_LIBRARY = "libc++";
				CLANG_ENABLE_MODULES = YES;
				CLANG_ENABLE_OBJC_ARC = YES;
				CLANG_ENABLE_OBJC_WEAK = YES;
				CLANG_WARN_BLOCK_CAPTURE_AUTORELEASING = YES;
				CLANG_WARN_BOOL_CONVERSION = YES;
				CLANG_WARN_COMMA = YES;
				CLANG_WARN_CONSTANT_CONVERSION = YES;
				CLANG_WARN_DEPRECATED_OBJC_IMPLEMENTATIONS = YES;
				CLANG_WARN_DIRECT_OBJC_ISA_USAGE = YES_ERROR;
				CLANG_WARN_DOCUMENTATION_COMMENTS = YES;
				CLANG_WARN_EMPTY_BODY = YES;
				CLANG_WARN_ENUM_CONVERSION = YES;
				CLANG_WARN_INFINITE_RECURSION = YES;
				CLANG_WARN_INT_CONVERSION = YES;
				CLANG_WARN_NON_LITERAL_NULL_CONVERSION = YES;
				CLANG_WARN_OBJC_IMPLICIT_RETAIN_SELF = YES;
				CLANG_WARN_OBJC_LITERAL_CONVERSION = YES;
				CLANG_WARN_OBJC_ROOT_CLASS = YES_ERROR;
				CLANG_WARN_QUOTED_INCLUDE_IN_FRAMEWORK_HEADER = YES;
				CLANG_WARN_RANGE_LOOP_ANALYSIS = YES;
				CLANG_WARN_STRICT_PROTOTYPES = YES;
				CLANG_WARN_SUSPICIOUS_MOVE = YES;
				CLANG_WARN_UNGUARDED_AVAILABILITY = YES_AGGRESSIVE;
				CLANG_WARN_UNREACHABLE_CODE = YES;
				CLANG_WARN__DUPLICATE_METHOD_MATCH = YES;
				COPY_PHASE_STRIP = NO;
				DEAD_CODE_STRIPPING = YES;
				DEBUG_INFORMATION_FORMAT = dwarf;
				ENABLE_STRICT_OBJC_MSGSEND = YES;
				ENABLE_TESTABILITY = YES;
				GCC_C_LANGUAGE_STANDARD = gnu11;
				GCC_DYNAMIC_NO_PIC = NO;
				GCC_NO_COMMON_BLOCKS = YES;
				GCC_OPTIMIZATION_LEVEL = 0;
				GCC_PREPROCESSOR_DEFINITIONS = (
					"DEBUG=1",
					"$(inherited)",
				);
				GCC_WARN_64_TO_32_BIT_CONVERSION = YES;
				GCC_WARN_ABOUT_RETURN_TYPE = YES_ERROR;
				GCC_WARN_UNDECLARED_SELECTOR = YES;
				GCC_WARN_UNINITIALIZED_AUTOS = YES_AGGRESSIVE;
				GCC_WARN_UNUSED_FUNCTION = YES;
				GCC_WARN_UNUSED_VARIABLE = YES;
				MTL_ENABLE_DEBUG_INFO = INCLUDE_SOURCE;
				MTL_FAST_MATH = YES;
				ONLY_ACTIVE_ARCH = YES;
				PRODUCT_NAME = "$(TARGET_NAME)";
				STRING_CATALOG_GENERATE_SYMBOLS = YES;
				SWIFT_ACTIVE_COMPILATION_CONDITIONS = DEBUG;
				SWIFT_OPTIMIZATION_LEVEL = "-Onone";
				SWIFT_VERSION = 5.0;
			};
			name = Debug;
		};
		A521E56E9B8FE7C28AE79F15 /* Release */ = {
			isa = XCBuildConfiguration;
			buildSettings = {
				ALWAYS_SEARCH_USER_PATHS = NO;
				CLANG_ANALYZER_NONNULL = YES;
				CLANG_ANALYZER_NUMBER_OBJECT_CONVERSION = YES_AGGRESSIVE;
				CLANG_CXX_LANGUAGE_STANDARD = "gnu++14";
				CLANG_CXX_LIBRARY = "libc++";
				CLANG_ENABLE_MODULES = YES;
				CLANG_ENABLE_OBJC_ARC = YES;
				CLANG_ENABLE_OBJC_WEAK = YES;
				CLANG_WARN_BLOCK_CAPTURE_AUTORELEASING = YES;
				CLANG_WARN_BOOL_CONVERSION = YES;
				CLANG_WARN_COMMA = YES;
				CLANG_WARN_CONSTANT_CONVERSION = YES;
				CLANG_WARN_DEPRECATED_OBJC_IMPLEMENTATIONS = YES;
				CLANG_WARN_DIRECT_OBJC_ISA_USAGE = YES_ERROR;
				CLANG_WARN_DOCUMENTATION_COMMENTS = YES;
				CLANG_WARN_EMPTY_BODY = YES;
				CLANG_WARN_ENUM_CONVERSION = YES;
				CLANG_WARN_INFINITE_RECURSION = YES;
				CLANG_WARN_INT_CONVERSION = YES;
				CLANG_WARN_NON_LITERAL_NULL_CONVERSION = YES;
				CLANG_WARN_OBJC_IMPLICIT_RETAIN_SELF = YES;
				CLANG_WARN_OBJC_LITERAL_CONVERSION = YES;
				CLANG_WARN_OBJC_ROOT_CLASS = YES_ERROR;
				CLANG_WARN_QUOTED_INCLUDE_IN_FRAMEWORK_HEADER = YES;
				CLANG_WARN_RANGE_LOOP_ANALYSIS = YES;
				CLANG_WARN_STRICT_PROTOTYPES = YES;
				CLANG_WARN_SUSPICIOUS_MOVE = YES;
				CLANG_WARN_UNGUARDED_AVAILABILITY = YES_AGGRESSIVE;
				CLANG_WARN_UNREACHABLE_CODE = YES;
				CLANG_WARN__DUPLICATE_METHOD_MATCH = YES;
				COPY_PHASE_STRIP = NO;
				DEAD_CODE_STRIPPING = YES;
				DEBUG_INFORMATION_FORMAT = "dwarf-with-dsym";
				ENABLE_NS_ASSERTIONS = NO;
				ENABLE_STRICT_OBJC_MSGSEND = YES;
				GCC_C_LANGUAGE_STANDARD = gnu11;
				GCC_NO_COMMON_BLOCKS = YES;
				GCC_WARN_64_TO_32_BIT_CONVERSION = YES;
				GCC_WARN_ABOUT_RETURN_TYPE = YES_ERROR;
				GCC_WARN_UNDECLARED_SELECTOR = YES;
				GCC_WARN_UNINITIALIZED_AUTOS = YES_AGGRESSIVE;
				GCC_WARN_UNUSED_FUNCTION = YES;
				GCC_WARN_UNUSED_VARIABLE = YES;
				MTL_ENABLE_DEBUG_INFO = NO;
				MTL_FAST_MATH = YES;
				PRODUCT_NAME = "$(TARGET_NAME)";
				STRING_CATALOG_GENERATE_SYMBOLS = YES;
				SWIFT_COMPILATION_MODE = wholemodule;
				SWIFT_OPTIMIZATION_LEVEL = "-O";
				SWIFT_VERSION = 5.0;
			};
			name = Release;
		};
/* End XCBuildConfiguration section */

/* Begin XCConfigurationList section */
		44F7F536D47355043967A49E /* Build configuration list for PBXProject "PhucTvSwiftUI" */ = {
			isa = XCConfigurationList;
			buildConfigurations = (
				94A28647B6B3F64AA1F72C6F /* Debug */,
				A521E56E9B8FE7C28AE79F15 /* Release */,
			);
			defaultConfigurationIsVisible = 0;
			defaultConfigurationName = Release;
		};
		68E634292F8CCB2D00865FCA /* Build configuration list for PBXNativeTarget "PhucTVTests" */ = {
			isa = XCConfigurationList;
			buildConfigurations = (
				68E6342A2F8CCB2D00865FCA /* Debug */,
				68E6342B2F8CCB2D00865FCA /* Release */,
			);
			defaultConfigurationIsVisible = 0;
			defaultConfigurationName = Release;
		};
		82058A4788BFB9209A81D54E /* Build configuration list for PBXNativeTarget "PhucTvSwiftUI" */ = {
			isa = XCConfigurationList;
			buildConfigurations = (
				674562539F00E1C28A462E63 /* Debug */,
				92376A5835949A4A0733CA31 /* Release */,
			);
			defaultConfigurationIsVisible = 0;
			defaultConfigurationName = Release;
		};
/* End XCConfigurationList section */

/* Begin XCRemoteSwiftPackageReference section */
		398B5E19506E6BD979D22D5C /* XCRemoteSwiftPackageReference "Kingfisher" */ = {
			isa = XCRemoteSwiftPackageReference;
			repositoryURL = "https://github.com/onevcat/Kingfisher.git";
			requirement = {
				kind = upToNextMajorVersion;
				minimumVersion = 8.0.0;
			};
		};
		5E312E542F8BDC5D00C90FED /* XCRemoteSwiftPackageReference "SwiftSubtitles" */ = {
			isa = XCRemoteSwiftPackageReference;
			repositoryURL = "https://github.com/dagronf/SwiftSubtitles";
			requirement = {
				kind = upToNextMajorVersion;
				minimumVersion = 2.2.0;
			};
		};
		5EB4882D2F8A8A88007251E8 /* XCRemoteSwiftPackageReference "SwiftUI-Flow" */ = {
			isa = XCRemoteSwiftPackageReference;
			repositoryURL = "https://github.com/tevelee/SwiftUI-Flow";
			requirement = {
				kind = upToNextMajorVersion;
				minimumVersion = 3.1.1;
			};
		};
		68A94BED2F889C5600C59159 /* XCRemoteSwiftPackageReference "SwiftyBeaver" */ = {
			isa = XCRemoteSwiftPackageReference;
			repositoryURL = "https://github.com/SwiftyBeaver/SwiftyBeaver.git";
			requirement = {
				kind = upToNextMajorVersion;
				minimumVersion = 2.1.1;
			};
		};
		B0B0B0B0B0B0B0B0B0B0B0B0 /* XCRemoteSwiftPackageReference "Alamofire" */ = {
			isa = XCRemoteSwiftPackageReference;
			repositoryURL = "https://github.com/Alamofire/Alamofire.git";
			requirement = {
				kind = upToNextMajorVersion;
				minimumVersion = 5.10.0;
			};
		};
/* End XCRemoteSwiftPackageReference section */

/* Begin XCSwiftPackageProductDependency section */
		33C6D38FEB06E2F321451C7A /* Kingfisher */ = {
			isa = XCSwiftPackageProductDependency;
			package = 398B5E19506E6BD979D22D5C /* XCRemoteSwiftPackageReference "Kingfisher" */;
			productName = Kingfisher;
		};
		5E312E552F8BDC5D00C90FED /* SwiftSubtitles */ = {
			isa = XCSwiftPackageProductDependency;
			package = 5E312E542F8BDC5D00C90FED /* XCRemoteSwiftPackageReference "SwiftSubtitles" */;
			productName = SwiftSubtitles;
		};
		5EB4882E2F8A8A88007251E8 /* Flow */ = {
			isa = XCSwiftPackageProductDependency;
			package = 5EB4882D2F8A8A88007251E8 /* XCRemoteSwiftPackageReference "SwiftUI-Flow" */;
			productName = Flow;
		};
		68A94BEE2F889C5600C59159 /* SwiftyBeaver */ = {
			isa = XCSwiftPackageProductDependency;
			package = 68A94BED2F889C5600C59159 /* XCRemoteSwiftPackageReference "SwiftyBeaver" */;
			productName = SwiftyBeaver;
		};
		C0C0C0C0C0C0C0C0C0C0C0C0 /* Alamofire */ = {
			isa = XCSwiftPackageProductDependency;
			package = B0B0B0B0B0B0B0B0B0B0B0B0 /* XCRemoteSwiftPackageReference "Alamofire" */;
			productName = Alamofire;
		};
/* End XCSwiftPackageProductDependency section */
	};
	rootObject = 883813612B25D2DFEC509CD1 /* Project object */;
}
